
Microsoft Visual Studio Solution File, Format Version 12.00
# Visual Studio 15
VisualStudioVersion = 15.0.26228.12
MinimumVisualStudioVersion = 10.0.40219.1
Project("{FAE04EC0-301F-11D3-BF4B-00C04F79EFBC}") = "OpenGiveCore", "OpenGiveCore\OpenGiveCore.csproj", "{AE566DDD-05F3-461F-9AEF-C8A16A6E02BE}"
EndProject
Global
	GlobalSection(SolutionConfigurationPlatforms) = preSolution
		Debug|Any CPU = Debug|Any CPU
		Release|Any CPU = Release|Any CPU
	EndGlobalSection
	GlobalSection(ProjectConfigurationPlatforms) = postSolution
		{AE566DDD-05F3-461F-9AEF-C8A16A6E02BE}.Debug|Any CPU.ActiveCfg = Debug|Any CPU
		{AE566DDD-05F3-461F-9AEF-C8A16A6E02BE}.Debug|Any CPU.Build.0 = Debug|Any CPU
		{AE566DDD-05F3-461F-9AEF-C8A16A6E02BE}.Release|Any CPU.ActiveCfg = Release|Any CPU
		{AE566DDD-05F3-461F-9AEF-C8A16A6E02BE}.Release|Any CPU.Build.0 = Release|Any CPU
	EndGlobalSection
	GlobalSection(SolutionProperties) = preSolution
		HideSolutionNode = FALSE
	EndGlobalSection
EndGlobal
